Microsoft Visual Studio Solution File, Format Version 12.00
# Visual Studio Version 17
VisualStudioVersion = 17.0.31903.59
MinimumVisualStudioVersion = 10.0.40219.1
Project("{FAE04EC0-301F-11D3-BF4B-00C04F79EFBC}") = "WebLibCs.Core", "WebLibCs.Core\WebLibCs.Core.csproj", "{8D524DE9-8B59-427A-802F-84675C8BFCFE}"
EndProject
Project("{FAE04EC0-301F-11D3-BF4B-00C04F79EFBC}") = "WebLibCs.Infrastructure", "WebLibCs.Infrastructure\WebLibCs.Infrastructure.csproj", "{3F5CCB6E-D8D6-4EFC-81CD-AF666D9496C5}"
EndProject
Project("{FAE04EC0-301F-11D3-BF4B-00C04F79EFBC}") = "WebLibCs.Web", "WebLibCs.Web\WebLibCs.Web.csproj", "{486661E2-1B7F-48FA-9D4F-FD69ED8178DC}"
EndProject
Global
	GlobalSection(SolutionConfigurationPlatforms) = preSolution
		Debug|Any CPU = Debug|Any CPU
		Release|Any CPU = Release|Any CPU
	EndGlobalSection
	GlobalSection(ProjectConfigurationPlatforms) = postSolution
		{8D524DE9-8B59-427A-802F-84675C8BFCFE}.Debug|Any CPU.ActiveCfg = Debug|Any CPU
		{8D524DE9-8B59-427A-802F-84675C8BFCFE}.Debug|Any CPU.Build.0 = Debug|Any CPU
		{8D524DE9-8B59-427A-802F-84675C8BFCFE}.Release|Any CPU.ActiveCfg = Release|Any CPU
		{8D524DE9-8B59-427A-802F-84675C8BFCFE}.Release|Any CPU.Build.0 = Release|Any CPU
		{3F5CCB6E-D8D6-4EFC-81CD-AF666D9496C5}.Debug|Any CPU.ActiveCfg = Debug|Any CPU
		{3F5CCB6E-D8D6-4EFC-81CD-AF666D9496C5}.Debug|Any CPU.Build.0 = Debug|Any CPU
		{3F5CCB6E-D8D6-4EFC-81CD-AF666D9496C5}.Release|Any CPU.ActiveCfg = Release|Any CPU
		{3F5CCB6E-D8D6-4EFC-81CD-AF666D9496C5}.Release|Any CPU.Build.0 = Release|Any CPU
		{486661E2-1B7F-48FA-9D4F-FD69ED8178DC}.Debug|Any CPU.ActiveCfg = Debug|Any CPU
		{486661E2-1B7F-48FA-9D4F-FD69ED8178DC}.Debug|Any CPU.Build.0 = Debug|Any CPU
		{486661E2-1B7F-48FA-9D4F-FD69ED8178DC}.Release|Any CPU.ActiveCfg = Release|Any CPU
		{486661E2-1B7F-48FA-9D4F-FD69ED8178DC}.Release|Any CPU.Build.0 = Release|Any CPU
	EndGlobalSection
	GlobalSection(SolutionProperties) = preSolution
		HideSolutionNode = FALSE
	EndGlobalSection
EndGlobal